{
  "name": "api-snippets",
  "version": "1.0.0",
  "lockfileVersion": 1,
  "dependencies": {
    "prettier": {
      "version": "1.5.3",
      "resolved": "https://registry.npmjs.org/prettier/-/prettier-1.5.3.tgz",
      "integrity": "sha1-WdrcaDNF7GuI+IuU7Urn4do5S/4=",
      "dev": true
    }
  }
}
